
Microsoft Visual Studio Solution File, Format Version 12.00
# Visual Studio 15
VisualStudioVersion = 15.0.28010.2046
MinimumVisualStudioVersion = 10.0.40219.1
Project("{FAE04EC0-301F-11D3-BF4B-00C04F79EFBC}") = "ConsoleDemo", "..\ConsoleDemo\ConsoleDemo.csproj", "{B00F18E1-EB40-440B-9A16-7DDBED8329B8}"
EndProject
Project("{FAE04EC0-301F-11D3-BF4B-00C04F79EFBC}") = "VariabelDemo", "VariabelDemo\VariabelDemo.csproj", "{C1B2C125-DB8A-4A47-ACC1-8E37DC3D867E}"
EndProject
Project("{FAE04EC0-301F-11D3-BF4B-00C04F79EFBC}") = "Flow", "Flow\Flow.csproj", "{F194009F-B36F-4153-868D-19A9FC394F01}"
EndProject
Project("{FAE04EC0-301F-11D3-BF4B-00C04F79EFBC}") = "Metoder", "Metoder\Metoder.csproj", "{F69E3EEC-AEB1-42CD-A494-3E1408A7D792}"
EndProject
Project("{FAE04EC0-301F-11D3-BF4B-00C04F79EFBC}") = "Sumdag3", "Sumdag3\Sumdag3.csproj", "{8C04F13A-07ED-4760-8190-647B935FFDAF}"
EndProject
Project("{FAE04EC0-301F-11D3-BF4B-00C04F79EFBC}") = "FejlH", "FejlH\FejlH.csproj", "{B5A0BDAB-3E41-4FD6-B0ED-4267FCFF9357}"
EndProject
Project("{FAE04EC0-301F-11D3-BF4B-00C04F79EFBC}") = "NlogDemo", "NlogDemo\NlogDemo.csproj", "{8C911806-3BB2-4748-957E-A2EE7B8C7A5C}"
EndProject
Project("{FAE04EC0-301F-11D3-BF4B-00C04F79EFBC}") = "Huk", "Huk\Huk.csproj", "{54B6B105-7137-4107-BCE9-8FFDD96756A8}"
EndProject
Project("{FAE04EC0-301F-11D3-BF4B-00C04F79EFBC}") = "oop", "oop\oop.csproj", "{684EC5E0-0008-42E7-A693-1E14CC1FB505}"
EndProject
Project("{FAE04EC0-301F-11D3-BF4B-00C04F79EFBC}") = "Dag4sum", "Dag4sum\Dag4sum.csproj", "{478F1142-E54E-4042-B97A-80C98DE1EAA5}"
EndProject
Project("{FAE04EC0-301F-11D3-BF4B-00C04F79EFBC}") = "Dag4sumUI", "Dag4sumUI\Dag4sumUI.csproj", "{3B828A5E-156F-4EAB-9631-CEA420A70EB7}"
EndProject
Project("{FAE04EC0-301F-11D3-BF4B-00C04F79EFBC}") = "Indkapsling", "Indkapsling\Indkapsling.csproj", "{7D66FD12-FA04-4A80-A22A-4A32827C1102}"
EndProject
Project("{FAE04EC0-301F-11D3-BF4B-00C04F79EFBC}") = "IndkapslingUI", "IndkapslingUI\IndkapslingUI.csproj", "{BDB18F36-7091-4DBF-AE6B-BF0729560044}"
EndProject
Global
	GlobalSection(SolutionConfigurationPlatforms) = preSolution
		Debug|Any CPU = Debug|Any CPU
		Release|Any CPU = Release|Any CPU
	EndGlobalSection
	GlobalSection(ProjectConfigurationPlatforms) = postSolution
		{B00F18E1-EB40-440B-9A16-7DDBED8329B8}.Debug|Any CPU.ActiveCfg = Debug|Any CPU
		{B00F18E1-EB40-440B-9A16-7DDBED8329B8}.Debug|Any CPU.Build.0 = Debug|Any CPU
		{B00F18E1-EB40-440B-9A16-7DDBED8329B8}.Release|Any CPU.ActiveCfg = Release|Any CPU
		{B00F18E1-EB40-440B-9A16-7DDBED8329B8}.Release|Any CPU.Build.0 = Release|Any CPU
		{C1B2C125-DB8A-4A47-ACC1-8E37DC3D867E}.Debug|Any CPU.ActiveCfg = Debug|Any CPU
		{C1B2C125-DB8A-4A47-ACC1-8E37DC3D867E}.Debug|Any CPU.Build.0 = Debug|Any CPU
		{C1B2C125-DB8A-4A47-ACC1-8E37DC3D867E}.Release|Any CPU.ActiveCfg = Release|Any CPU
		{C1B2C125-DB8A-4A47-ACC1-8E37DC3D867E}.Release|Any CPU.Build.0 = Release|Any CPU
		{F194009F-B36F-4153-868D-19A9FC394F01}.Debug|Any CPU.ActiveCfg = Debug|Any CPU
		{F194009F-B36F-4153-868D-19A9FC394F01}.Debug|Any CPU.Build.0 = Debug|Any CPU
		{F194009F-B36F-4153-868D-19A9FC394F01}.Release|Any CPU.ActiveCfg = Release|Any CPU
		{F194009F-B36F-4153-868D-19A9FC394F01}.Release|Any CPU.Build.0 = Release|Any CPU
		{F69E3EEC-AEB1-42CD-A494-3E1408A7D792}.Debug|Any CPU.ActiveCfg = Debug|Any CPU
		{F69E3EEC-AEB1-42CD-A494-3E1408A7D792}.Debug|Any CPU.Build.0 = Debug|Any CPU
		{F69E3EEC-AEB1-42CD-A494-3E1408A7D792}.Release|Any CPU.ActiveCfg = Release|Any CPU
		{F69E3EEC-AEB1-42CD-A494-3E1408A7D792}.Release|Any CPU.Build.0 = Release|Any CPU
		{8C04F13A-07ED-4760-8190-647B935FFDAF}.Debug|Any CPU.ActiveCfg = Debug|Any CPU
		{8C04F13A-07ED-4760-8190-647B935FFDAF}.Debug|Any CPU.Build.0 = Debug|Any CPU
		{8C04F13A-07ED-4760-8190-647B935FFDAF}.Release|Any CPU.ActiveCfg = Release|Any CPU
		{8C04F13A-07ED-4760-8190-647B935FFDAF}.Release|Any CPU.Build.0 = Release|Any CPU
		{B5A0BDAB-3E41-4FD6-B0ED-4267FCFF9357}.Debug|Any CPU.ActiveCfg = Debug|Any CPU
		{B5A0BDAB-3E41-4FD6-B0ED-4267FCFF9357}.Debug|Any CPU.Build.0 = Debug|Any CPU
		{B5A0BDAB-3E41-4FD6-B0ED-4267FCFF9357}.Release|Any CPU.ActiveCfg = Release|Any CPU
		{B5A0BDAB-3E41-4FD6-B0ED-4267FCFF9357}.Release|Any CPU.Build.0 = Release|Any CPU
		{8C911806-3BB2-4748-957E-A2EE7B8C7A5C}.Debug|Any CPU.ActiveCfg = Debug|Any CPU
		{8C911806-3BB2-4748-957E-A2EE7B8C7A5C}.Debug|Any CPU.Build.0 = Debug|Any CPU
		{8C911806-3BB2-4748-957E-A2EE7B8C7A5C}.Release|Any CPU.ActiveCfg = Release|Any CPU
		{8C911806-3BB2-4748-957E-A2EE7B8C7A5C}.Release|Any CPU.Build.0 = Release|Any CPU
		{54B6B105-7137-4107-BCE9-8FFDD96756A8}.Debug|Any CPU.ActiveCfg = Debug|Any CPU
		{54B6B105-7137-4107-BCE9-8FFDD96756A8}.Debug|Any CPU.Build.0 = Debug|Any CPU
		{54B6B105-7137-4107-BCE9-8FFDD96756A8}.Release|Any CPU.ActiveCfg = Release|Any CPU
		{54B6B105-7137-4107-BCE9-8FFDD96756A8}.Release|Any CPU.Build.0 = Release|Any CPU
		{684EC5E0-0008-42E7-A693-1E14CC1FB505}.Debug|Any CPU.ActiveCfg = Debug|Any CPU
		{684EC5E0-0008-42E7-A693-1E14CC1FB505}.Debug|Any CPU.Build.0 = Debug|Any CPU
		{684EC5E0-0008-42E7-A693-1E14CC1FB505}.Release|Any CPU.ActiveCfg = Release|Any CPU
		{684EC5E0-0008-42E7-A693-1E14CC1FB505}.Release|Any CPU.Build.0 = Release|Any CPU
		{478F1142-E54E-4042-B97A-80C98DE1EAA5}.Debug|Any CPU.ActiveCfg = Debug|Any CPU
		{478F1142-E54E-4042-B97A-80C98DE1EAA5}.Debug|Any CPU.Build.0 = Debug|Any CPU
		{478F1142-E54E-4042-B97A-80C98DE1EAA5}.Release|Any CPU.ActiveCfg = Release|Any CPU
		{478F1142-E54E-4042-B97A-80C98DE1EAA5}.Release|Any CPU.Build.0 = Release|Any CPU
		{3B828A5E-156F-4EAB-9631-CEA420A70EB7}.Debug|Any CPU.ActiveCfg = Debug|Any CPU
		{3B828A5E-156F-4EAB-9631-CEA420A70EB7}.Debug|Any CPU.Build.0 = Debug|Any CPU
		{3B828A5E-156F-4EAB-9631-CEA420A70EB7}.Release|Any CPU.ActiveCfg = Release|Any CPU
		{3B828A5E-156F-4EAB-9631-CEA420A70EB7}.Release|Any CPU.Build.0 = Release|Any CPU
		{7D66FD12-FA04-4A80-A22A-4A32827C1102}.Debug|Any CPU.ActiveCfg = Debug|Any CPU
		{7D66FD12-FA04-4A80-A22A-4A32827C1102}.Debug|Any CPU.Build.0 = Debug|Any CPU
		{7D66FD12-FA04-4A80-A22A-4A32827C1102}.Release|Any CPU.ActiveCfg = Release|Any CPU
		{7D66FD12-FA04-4A80-A22A-4A32827C1102}.Release|Any CPU.Build.0 = Release|Any CPU
		{BDB18F36-7091-4DBF-AE6B-BF0729560044}.Debug|Any CPU.ActiveCfg = Debug|Any CPU
		{BDB18F36-7091-4DBF-AE6B-BF0729560044}.Debug|Any CPU.Build.0 = Debug|Any CPU
		{BDB18F36-7091-4DBF-AE6B-BF0729560044}.Release|Any CPU.ActiveCfg = Release|Any CPU
		{BDB18F36-7091-4DBF-AE6B-BF0729560044}.Release|Any CPU.Build.0 = Release|Any CPU
	EndGlobalSection
	GlobalSection(SolutionProperties) = preSolution
		HideSolutionNode = FALSE
	EndGlobalSection
	GlobalSection(ExtensibilityGlobals) = postSolution
		SolutionGuid = {C5734973-C610-4776-9BCA-4B3142EFA6B2}
	EndGlobalSection
EndGlobal
